
Microsoft Visual Studio Solution File, Format Version 12.00
# Visual Studio 15
VisualStudioVersion = 15.0.27428.2015
MinimumVisualStudioVersion = 10.0.40219.1
Project("{FAE04EC0-301F-11D3-BF4B-00C04F79EFBC}") = "ScheduleTest", "ScheduleTest\ScheduleTest.csproj", "{9663E59D-0C19-4BE2-B660-9A6772DD20FC}"
EndProject
Global
	GlobalSection(SolutionConfigurationPlatforms) = preSolution
		Debug|Any CPU = Debug|Any CPU
		Release|Any CPU = Release|Any CPU
	EndGlobalSection
	GlobalSection(ProjectConfigurationPlatforms) = postSolution
		{9663E59D-0C19-4BE2-B660-9A6772DD20FC}.Debug|Any CPU.ActiveCfg = Debug|Any CPU
		{9663E59D-0C19-4BE2-B660-9A6772DD20FC}.Debug|Any CPU.Build.0 = Debug|Any CPU
		{9663E59D-0C19-4BE2-B660-9A6772DD20FC}.Debug|Any CPU.Deploy.0 = Debug|Any CPU
		{9663E59D-0C19-4BE2-B660-9A6772DD20FC}.Release|Any CPU.ActiveCfg = Release|Any CPU
		{9663E59D-0C19-4BE2-B660-9A6772DD20FC}.Release|Any CPU.Build.0 = Release|Any CPU
		{9663E59D-0C19-4BE2-B660-9A6772DD20FC}.Release|Any CPU.Deploy.0 = Release|Any CPU
	EndGlobalSection
	GlobalSection(SolutionProperties) = preSolution
		HideSolutionNode = FALSE
	EndGlobalSection
	GlobalSection(ExtensibilityGlobals) = postSolution
		SolutionGuid = {120167DF-9A23-4A49-8A3A-AED5F8B0BCCA}
	EndGlobalSection
EndGlobal
